
Microsoft Visual Studio Solution File, Format Version 12.00
# Visual Studio Version 16
VisualStudioVersion = 16.0.32602.291
MinimumVisualStudioVersion = 10.0.40219.1
Project("{FAE04EC0-301F-11D3-BF4B-00C04F79EFBC}") = "OrderItemApi", "OrderItemApi\OrderItemApi.csproj", "{717E0A1C-3542-4C66-A281-11039BADFBED}"
EndProject
Global
	GlobalSection(SolutionConfigurationPlatforms) = preSolution
		Debug|Any CPU = Debug|Any CPU
		Release|Any CPU = Release|Any CPU
	EndGlobalSection
	GlobalSection(ProjectConfigurationPlatforms) = postSolution
		{717E0A1C-3542-4C66-A281-11039BADFBED}.Debug|Any CPU.ActiveCfg = Debug|Any CPU
		{717E0A1C-3542-4C66-A281-11039BADFBED}.Debug|Any CPU.Build.0 = Debug|Any CPU
		{717E0A1C-3542-4C66-A281-11039BADFBED}.Release|Any CPU.ActiveCfg = Release|Any CPU
		{717E0A1C-3542-4C66-A281-11039BADFBED}.Release|Any CPU.Build.0 = Release|Any CPU
	EndGlobalSection
	GlobalSection(SolutionProperties) = preSolution
		HideSolutionNode = FALSE
	EndGlobalSection
	GlobalSection(ExtensibilityGlobals) = postSolution
		SolutionGuid = {061F2110-72D6-4F62-8059-D4C718BD2C57}
	EndGlobalSection
EndGlobal
